
Microsoft Visual Studio Solution File, Format Version 12.00
# Visual Studio Version 17
VisualStudioVersion = 17.11.35312.102
MinimumVisualStudioVersion = 10.0.40219.1
Project("{FAE04EC0-301F-11D3-BF4B-00C04F79EFBC}") = "BlazorApp3", "BlazorApp3\BlazorApp3.csproj", "{2DD3DA84-C9F6-427D-89BC-55E108431FC8}"
EndProject
Global
	GlobalSection(SolutionConfigurationPlatforms) = preSolution
		Debug|Any CPU = Debug|Any CPU
		Release|Any CPU = Release|Any CPU
	EndGlobalSection
	GlobalSection(ProjectConfigurationPlatforms) = postSolution
		{2DD3DA84-C9F6-427D-89BC-55E108431FC8}.Debug|Any CPU.ActiveCfg = Debug|Any CPU
		{2DD3DA84-C9F6-427D-89BC-55E108431FC8}.Debug|Any CPU.Build.0 = Debug|Any CPU
		{2DD3DA84-C9F6-427D-89BC-55E108431FC8}.Release|Any CPU.ActiveCfg = Release|Any CPU
		{2DD3DA84-C9F6-427D-89BC-55E108431FC8}.Release|Any CPU.Build.0 = Release|Any CPU
	EndGlobalSection
	GlobalSection(SolutionProperties) = preSolution
		HideSolutionNode = FALSE
	EndGlobalSection
	GlobalSection(ExtensibilityGlobals) = postSolution
		SolutionGuid = {A92AF311-439C-4FD7-8206-9A849D0FB3FD}
	EndGlobalSection
EndGlobal
